
Microsoft Visual Studio Solution File, Format Version 12.00
# Visual Studio Version 16
VisualStudioVersion = 16.0.31129.286
MinimumVisualStudioVersion = 10.0.40219.1
Project("{FAE04EC0-301F-11D3-BF4B-00C04F79EFBC}") = "WebAppGitHub", "WebAppGitHub\WebAppGitHub.csproj", "{EF6ED8C8-909A-4A32-B41E-8EE2DF31BC1E}"
EndProject
Global
	GlobalSection(SolutionConfigurationPlatforms) = preSolution
		Debug|Any CPU = Debug|Any CPU
		Release|Any CPU = Release|Any CPU
	EndGlobalSection
	GlobalSection(ProjectConfigurationPlatforms) = postSolution
		{EF6ED8C8-909A-4A32-B41E-8EE2DF31BC1E}.Debug|Any CPU.ActiveCfg = Debug|Any CPU
		{EF6ED8C8-909A-4A32-B41E-8EE2DF31BC1E}.Debug|Any CPU.Build.0 = Debug|Any CPU
		{EF6ED8C8-909A-4A32-B41E-8EE2DF31BC1E}.Release|Any CPU.ActiveCfg = Release|Any CPU
		{EF6ED8C8-909A-4A32-B41E-8EE2DF31BC1E}.Release|Any CPU.Build.0 = Release|Any CPU
	EndGlobalSection
	GlobalSection(SolutionProperties) = preSolution
		HideSolutionNode = FALSE
	EndGlobalSection
	GlobalSection(ExtensibilityGlobals) = postSolution
		SolutionGuid = {D5C71D82-3FC6-43BA-9A23-4395EC385032}
	EndGlobalSection
EndGlobal
